<Solution>
  <Folder Name="/Tests/">
    <Project Path="Tests/App.Domain.Tests/App.Domain.Tests.csproj" />
  </Folder>
  <Project Path="App.Common/App.Common.csproj" />
  <Project Path="App.Domain/App.Domain.csproj" />
  <Project Path="App.Infrastructure/App.Infrastructure.csproj" />
  <Project Path="App.web/App.web.csproj" />
</Solution>
